
Microsoft Visual Studio Solution File, Format Version 12.00
# Visual Studio 14
VisualStudioVersion = 14.0.25420.1
MinimumVisualStudioVersion = 10.0.40219.1
Project("{FAE04EC0-301F-11D3-BF4B-00C04F79EFBC}") = "Code", "Crypt\Code.csproj", "{2915413C-FB76-41AD-B711-2253C4B12E20}"
EndProject
Project("{FAE04EC0-301F-11D3-BF4B-00C04F79EFBC}") = "File encryption", "File encryption\File encryption.csproj", "{13F1BF9E-9886-47C4-B973-668C2D69A6A8}"
EndProject
Project("{54435603-DBB4-11D2-8724-00A0C9A8B90C}") = "Crypt installer", "Crypt installer\Crypt installer.vdproj", "{7A7DD36D-9B33-4D27-8FB0-F635E7E97486}"
EndProject
Project("{FAE04EC0-301F-11D3-BF4B-00C04F79EFBC}") = "dll using sample", "dll using sample\dll using sample.csproj", "{C330E7A9-E5F5-4104-85C3-043B2A620869}"
EndProject
Project("{2150E333-8FDC-42A3-9474-1A3956D46DE8}") = "desktop", "desktop", "{59EBAAE4-F87B-4E68-BD1C-66A9E84E3E00}"
EndProject
Project("{2150E333-8FDC-42A3-9474-1A3956D46DE8}") = "dll", "dll", "{333BB610-6632-4116-9DBB-C7E1D7F628BE}"
EndProject
Project("{2150E333-8FDC-42A3-9474-1A3956D46DE8}") = "crypt project", "crypt project", "{F3DB7167-9C6B-4914-849D-AF3FA4930FFD}"
EndProject
Project("{FAE04EC0-301F-11D3-BF4B-00C04F79EFBC}") = "crypt dll", "Crypt Dll\crypt dll.csproj", "{9F9EF8DE-3CF3-4921-A390-9FA4C62FB0C9}"
EndProject
Global
	GlobalSection(SolutionConfigurationPlatforms) = preSolution
		Debug|Any CPU = Debug|Any CPU
		Debug|ARM = Debug|ARM
		Debug|x64 = Debug|x64
		Debug|x86 = Debug|x86
		Fileencryption deploy|Any CPU = Fileencryption deploy|Any CPU
		Fileencryption deploy|ARM = Fileencryption deploy|ARM
		Fileencryption deploy|x64 = Fileencryption deploy|x64
		Fileencryption deploy|x86 = Fileencryption deploy|x86
		Release|Any CPU = Release|Any CPU
		Release|ARM = Release|ARM
		Release|x64 = Release|x64
		Release|x86 = Release|x86
		Releqse qll|Any CPU = Releqse qll|Any CPU
		Releqse qll|ARM = Releqse qll|ARM
		Releqse qll|x64 = Releqse qll|x64
		Releqse qll|x86 = Releqse qll|x86
		Start|Any CPU = Start|Any CPU
		Start|ARM = Start|ARM
		Start|x64 = Start|x64
		Start|x86 = Start|x86
	EndGlobalSection
	GlobalSection(ProjectConfigurationPlatforms) = postSolution
		{2915413C-FB76-41AD-B711-2253C4B12E20}.Debug|Any CPU.ActiveCfg = Debug|Any CPU
		{2915413C-FB76-41AD-B711-2253C4B12E20}.Debug|Any CPU.Build.0 = Debug|Any CPU
		{2915413C-FB76-41AD-B711-2253C4B12E20}.Debug|ARM.ActiveCfg = Debug|Any CPU
		{2915413C-FB76-41AD-B711-2253C4B12E20}.Debug|ARM.Build.0 = Debug|Any CPU
		{2915413C-FB76-41AD-B711-2253C4B12E20}.Debug|x64.ActiveCfg = Debug|Any CPU
		{2915413C-FB76-41AD-B711-2253C4B12E20}.Debug|x64.Build.0 = Debug|Any CPU
		{2915413C-FB76-41AD-B711-2253C4B12E20}.Debug|x86.ActiveCfg = Debug|Any CPU
		{2915413C-FB76-41AD-B711-2253C4B12E20}.Debug|x86.Build.0 = Debug|Any CPU
		{2915413C-FB76-41AD-B711-2253C4B12E20}.Fileencryption deploy|Any CPU.ActiveCfg = Start|Any CPU
		{2915413C-FB76-41AD-B711-2253C4B12E20}.Fileencryption deploy|Any CPU.Build.0 = Start|Any CPU
		{2915413C-FB76-41AD-B711-2253C4B12E20}.Fileencryption deploy|ARM.ActiveCfg = Release|Any CPU
		{2915413C-FB76-41AD-B711-2253C4B12E20}.Fileencryption deploy|ARM.Build.0 = Release|Any CPU
		{2915413C-FB76-41AD-B711-2253C4B12E20}.Fileencryption deploy|x64.ActiveCfg = Release|Any CPU
		{2915413C-FB76-41AD-B711-2253C4B12E20}.Fileencryption deploy|x64.Build.0 = Release|Any CPU
		{2915413C-FB76-41AD-B711-2253C4B12E20}.Fileencryption deploy|x86.ActiveCfg = Release|Any CPU
		{2915413C-FB76-41AD-B711-2253C4B12E20}.Fileencryption deploy|x86.Build.0 = Release|Any CPU
		{2915413C-FB76-41AD-B711-2253C4B12E20}.Release|Any CPU.ActiveCfg = Release|Any CPU
		{2915413C-FB76-41AD-B711-2253C4B12E20}.Release|Any CPU.Build.0 = Release|Any CPU
		{2915413C-FB76-41AD-B711-2253C4B12E20}.Release|ARM.ActiveCfg = Release|Any CPU
		{2915413C-FB76-41AD-B711-2253C4B12E20}.Release|ARM.Build.0 = Release|Any CPU
		{2915413C-FB76-41AD-B711-2253C4B12E20}.Release|x64.ActiveCfg = Release|Any CPU
		{2915413C-FB76-41AD-B711-2253C4B12E20}.Release|x64.Build.0 = Release|Any CPU
		{2915413C-FB76-41AD-B711-2253C4B12E20}.Release|x86.ActiveCfg = Release|Any CPU
		{2915413C-FB76-41AD-B711-2253C4B12E20}.Release|x86.Build.0 = Release|Any CPU
		{2915413C-FB76-41AD-B711-2253C4B12E20}.Releqse qll|Any CPU.ActiveCfg = Release|Any CPU
		{2915413C-FB76-41AD-B711-2253C4B12E20}.Releqse qll|Any CPU.Build.0 = Release|Any CPU
		{2915413C-FB76-41AD-B711-2253C4B12E20}.Releqse qll|ARM.ActiveCfg = Release|Any CPU
		{2915413C-FB76-41AD-B711-2253C4B12E20}.Releqse qll|ARM.Build.0 = Release|Any CPU
		{2915413C-FB76-41AD-B711-2253C4B12E20}.Releqse qll|x64.ActiveCfg = Release|Any CPU
		{2915413C-FB76-41AD-B711-2253C4B12E20}.Releqse qll|x64.Build.0 = Release|Any CPU
		{2915413C-FB76-41AD-B711-2253C4B12E20}.Releqse qll|x86.ActiveCfg = Release|Any CPU
		{2915413C-FB76-41AD-B711-2253C4B12E20}.Releqse qll|x86.Build.0 = Release|Any CPU
		{2915413C-FB76-41AD-B711-2253C4B12E20}.Start|Any CPU.ActiveCfg = Start|Any CPU
		{2915413C-FB76-41AD-B711-2253C4B12E20}.Start|Any CPU.Build.0 = Start|Any CPU
		{2915413C-FB76-41AD-B711-2253C4B12E20}.Start|ARM.ActiveCfg = Start|Any CPU
		{2915413C-FB76-41AD-B711-2253C4B12E20}.Start|ARM.Build.0 = Start|Any CPU
		{2915413C-FB76-41AD-B711-2253C4B12E20}.Start|x64.ActiveCfg = Start|Any CPU
		{2915413C-FB76-41AD-B711-2253C4B12E20}.Start|x64.Build.0 = Start|Any CPU
		{2915413C-FB76-41AD-B711-2253C4B12E20}.Start|x86.ActiveCfg = Start|Any CPU
		{2915413C-FB76-41AD-B711-2253C4B12E20}.Start|x86.Build.0 = Start|Any CPU
		{13F1BF9E-9886-47C4-B973-668C2D69A6A8}.Debug|Any CPU.ActiveCfg = Debug|Any CPU
		{13F1BF9E-9886-47C4-B973-668C2D69A6A8}.Debug|Any CPU.Build.0 = Debug|Any CPU
		{13F1BF9E-9886-47C4-B973-668C2D69A6A8}.Debug|ARM.ActiveCfg = Debug|Any CPU
		{13F1BF9E-9886-47C4-B973-668C2D69A6A8}.Debug|ARM.Build.0 = Debug|Any CPU
		{13F1BF9E-9886-47C4-B973-668C2D69A6A8}.Debug|x64.ActiveCfg = Debug|Any CPU
		{13F1BF9E-9886-47C4-B973-668C2D69A6A8}.Debug|x64.Build.0 = Debug|Any CPU
		{13F1BF9E-9886-47C4-B973-668C2D69A6A8}.Debug|x86.ActiveCfg = Debug|Any CPU
		{13F1BF9E-9886-47C4-B973-668C2D69A6A8}.Debug|x86.Build.0 = Debug|Any CPU
		{13F1BF9E-9886-47C4-B973-668C2D69A6A8}.Fileencryption deploy|Any CPU.ActiveCfg = Fileencryption deploy|Any CPU
		{13F1BF9E-9886-47C4-B973-668C2D69A6A8}.Fileencryption deploy|Any CPU.Build.0 = Fileencryption deploy|Any CPU
		{13F1BF9E-9886-47C4-B973-668C2D69A6A8}.Fileencryption deploy|ARM.ActiveCfg = Fileencryption deploy|Any CPU
		{13F1BF9E-9886-47C4-B973-668C2D69A6A8}.Fileencryption deploy|ARM.Build.0 = Fileencryption deploy|Any CPU
		{13F1BF9E-9886-47C4-B973-668C2D69A6A8}.Fileencryption deploy|x64.ActiveCfg = Fileencryption deploy|Any CPU
		{13F1BF9E-9886-47C4-B973-668C2D69A6A8}.Fileencryption deploy|x64.Build.0 = Fileencryption deploy|Any CPU
		{13F1BF9E-9886-47C4-B973-668C2D69A6A8}.Fileencryption deploy|x86.ActiveCfg = Fileencryption deploy|Any CPU
		{13F1BF9E-9886-47C4-B973-668C2D69A6A8}.Fileencryption deploy|x86.Build.0 = Fileencryption deploy|Any CPU
		{13F1BF9E-9886-47C4-B973-668C2D69A6A8}.Release|Any CPU.ActiveCfg = Release|Any CPU
		{13F1BF9E-9886-47C4-B973-668C2D69A6A8}.Release|Any CPU.Build.0 = Release|Any CPU
		{13F1BF9E-9886-47C4-B973-668C2D69A6A8}.Release|ARM.ActiveCfg = Release|Any CPU
		{13F1BF9E-9886-47C4-B973-668C2D69A6A8}.Release|ARM.Build.0 = Release|Any CPU
		{13F1BF9E-9886-47C4-B973-668C2D69A6A8}.Release|x64.ActiveCfg = Release|Any CPU
		{13F1BF9E-9886-47C4-B973-668C2D69A6A8}.Release|x64.Build.0 = Release|Any CPU
		{13F1BF9E-9886-47C4-B973-668C2D69A6A8}.Release|x86.ActiveCfg = Release|Any CPU
		{13F1BF9E-9886-47C4-B973-668C2D69A6A8}.Release|x86.Build.0 = Release|Any CPU
		{13F1BF9E-9886-47C4-B973-668C2D69A6A8}.Releqse qll|Any CPU.ActiveCfg = Releqse qll|Any CPU
		{13F1BF9E-9886-47C4-B973-668C2D69A6A8}.Releqse qll|Any CPU.Build.0 = Releqse qll|Any CPU
		{13F1BF9E-9886-47C4-B973-668C2D69A6A8}.Releqse qll|ARM.ActiveCfg = Releqse qll|Any CPU
		{13F1BF9E-9886-47C4-B973-668C2D69A6A8}.Releqse qll|ARM.Build.0 = Releqse qll|Any CPU
		{13F1BF9E-9886-47C4-B973-668C2D69A6A8}.Releqse qll|x64.ActiveCfg = Releqse qll|Any CPU
		{13F1BF9E-9886-47C4-B973-668C2D69A6A8}.Releqse qll|x64.Build.0 = Releqse qll|Any CPU
		{13F1BF9E-9886-47C4-B973-668C2D69A6A8}.Releqse qll|x86.ActiveCfg = Releqse qll|Any CPU
		{13F1BF9E-9886-47C4-B973-668C2D69A6A8}.Releqse qll|x86.Build.0 = Releqse qll|Any CPU
		{13F1BF9E-9886-47C4-B973-668C2D69A6A8}.Start|Any CPU.ActiveCfg = Releqse qll|Any CPU
		{13F1BF9E-9886-47C4-B973-668C2D69A6A8}.Start|Any CPU.Build.0 = Releqse qll|Any CPU
		{13F1BF9E-9886-47C4-B973-668C2D69A6A8}.Start|ARM.ActiveCfg = Releqse qll|Any CPU
		{13F1BF9E-9886-47C4-B973-668C2D69A6A8}.Start|ARM.Build.0 = Releqse qll|Any CPU
		{13F1BF9E-9886-47C4-B973-668C2D69A6A8}.Start|x64.ActiveCfg = Releqse qll|Any CPU
		{13F1BF9E-9886-47C4-B973-668C2D69A6A8}.Start|x64.Build.0 = Releqse qll|Any CPU
		{13F1BF9E-9886-47C4-B973-668C2D69A6A8}.Start|x86.ActiveCfg = Releqse qll|Any CPU
		{13F1BF9E-9886-47C4-B973-668C2D69A6A8}.Start|x86.Build.0 = Releqse qll|Any CPU
		{7A7DD36D-9B33-4D27-8FB0-F635E7E97486}.Debug|Any CPU.ActiveCfg = Debug
		{7A7DD36D-9B33-4D27-8FB0-F635E7E97486}.Debug|Any CPU.Build.0 = Debug
		{7A7DD36D-9B33-4D27-8FB0-F635E7E97486}.Debug|ARM.ActiveCfg = Debug
		{7A7DD36D-9B33-4D27-8FB0-F635E7E97486}.Debug|ARM.Build.0 = Debug
		{7A7DD36D-9B33-4D27-8FB0-F635E7E97486}.Debug|x64.ActiveCfg = Debug
		{7A7DD36D-9B33-4D27-8FB0-F635E7E97486}.Debug|x64.Build.0 = Debug
		{7A7DD36D-9B33-4D27-8FB0-F635E7E97486}.Debug|x86.ActiveCfg = Debug
		{7A7DD36D-9B33-4D27-8FB0-F635E7E97486}.Debug|x86.Build.0 = Debug
		{7A7DD36D-9B33-4D27-8FB0-F635E7E97486}.Fileencryption deploy|Any CPU.ActiveCfg = Release
		{7A7DD36D-9B33-4D27-8FB0-F635E7E97486}.Fileencryption deploy|Any CPU.Build.0 = Release
		{7A7DD36D-9B33-4D27-8FB0-F635E7E97486}.Fileencryption deploy|ARM.ActiveCfg = Release
		{7A7DD36D-9B33-4D27-8FB0-F635E7E97486}.Fileencryption deploy|ARM.Build.0 = Release
		{7A7DD36D-9B33-4D27-8FB0-F635E7E97486}.Fileencryption deploy|x64.ActiveCfg = Release
		{7A7DD36D-9B33-4D27-8FB0-F635E7E97486}.Fileencryption deploy|x64.Build.0 = Release
		{7A7DD36D-9B33-4D27-8FB0-F635E7E97486}.Fileencryption deploy|x86.ActiveCfg = Release
		{7A7DD36D-9B33-4D27-8FB0-F635E7E97486}.Fileencryption deploy|x86.Build.0 = Release
		{7A7DD36D-9B33-4D27-8FB0-F635E7E97486}.Release|Any CPU.ActiveCfg = Release
		{7A7DD36D-9B33-4D27-8FB0-F635E7E97486}.Release|Any CPU.Build.0 = Release
		{7A7DD36D-9B33-4D27-8FB0-F635E7E97486}.Release|ARM.ActiveCfg = Release
		{7A7DD36D-9B33-4D27-8FB0-F635E7E97486}.Release|ARM.Build.0 = Release
		{7A7DD36D-9B33-4D27-8FB0-F635E7E97486}.Release|x64.ActiveCfg = Release
		{7A7DD36D-9B33-4D27-8FB0-F635E7E97486}.Release|x64.Build.0 = Release
		{7A7DD36D-9B33-4D27-8FB0-F635E7E97486}.Release|x86.ActiveCfg = Release
		{7A7DD36D-9B33-4D27-8FB0-F635E7E97486}.Release|x86.Build.0 = Release
		{7A7DD36D-9B33-4D27-8FB0-F635E7E97486}.Releqse qll|Any CPU.ActiveCfg = Release
		{7A7DD36D-9B33-4D27-8FB0-F635E7E97486}.Releqse qll|Any CPU.Build.0 = Release
		{7A7DD36D-9B33-4D27-8FB0-F635E7E97486}.Releqse qll|ARM.ActiveCfg = Release
		{7A7DD36D-9B33-4D27-8FB0-F635E7E97486}.Releqse qll|ARM.Build.0 = Release
		{7A7DD36D-9B33-4D27-8FB0-F635E7E97486}.Releqse qll|x64.ActiveCfg = Release
		{7A7DD36D-9B33-4D27-8FB0-F635E7E97486}.Releqse qll|x64.Build.0 = Release
		{7A7DD36D-9B33-4D27-8FB0-F635E7E97486}.Releqse qll|x86.ActiveCfg = Release
		{7A7DD36D-9B33-4D27-8FB0-F635E7E97486}.Releqse qll|x86.Build.0 = Release
		{7A7DD36D-9B33-4D27-8FB0-F635E7E97486}.Start|Any CPU.ActiveCfg = Release
		{7A7DD36D-9B33-4D27-8FB0-F635E7E97486}.Start|Any CPU.Build.0 = Release
		{7A7DD36D-9B33-4D27-8FB0-F635E7E97486}.Start|ARM.ActiveCfg = Release
		{7A7DD36D-9B33-4D27-8FB0-F635E7E97486}.Start|ARM.Build.0 = Release
		{7A7DD36D-9B33-4D27-8FB0-F635E7E97486}.Start|x64.ActiveCfg = Release
		{7A7DD36D-9B33-4D27-8FB0-F635E7E97486}.Start|x64.Build.0 = Release
		{7A7DD36D-9B33-4D27-8FB0-F635E7E97486}.Start|x86.ActiveCfg = Release
		{7A7DD36D-9B33-4D27-8FB0-F635E7E97486}.Start|x86.Build.0 = Release
		{C330E7A9-E5F5-4104-85C3-043B2A620869}.Debug|Any CPU.ActiveCfg = Debug|Any CPU
		{C330E7A9-E5F5-4104-85C3-043B2A620869}.Debug|Any CPU.Build.0 = Debug|Any CPU
		{C330E7A9-E5F5-4104-85C3-043B2A620869}.Debug|ARM.ActiveCfg = Debug|Any CPU
		{C330E7A9-E5F5-4104-85C3-043B2A620869}.Debug|ARM.Build.0 = Debug|Any CPU
		{C330E7A9-E5F5-4104-85C3-043B2A620869}.Debug|x64.ActiveCfg = Debug|Any CPU
		{C330E7A9-E5F5-4104-85C3-043B2A620869}.Debug|x64.Build.0 = Debug|Any CPU
		{C330E7A9-E5F5-4104-85C3-043B2A620869}.Debug|x86.ActiveCfg = Debug|Any CPU
		{C330E7A9-E5F5-4104-85C3-043B2A620869}.Debug|x86.Build.0 = Debug|Any CPU
		{C330E7A9-E5F5-4104-85C3-043B2A620869}.Fileencryption deploy|Any CPU.ActiveCfg = Release|Any CPU
		{C330E7A9-E5F5-4104-85C3-043B2A620869}.Fileencryption deploy|Any CPU.Build.0 = Release|Any CPU
		{C330E7A9-E5F5-4104-85C3-043B2A620869}.Fileencryption deploy|ARM.ActiveCfg = Release|Any CPU
		{C330E7A9-E5F5-4104-85C3-043B2A620869}.Fileencryption deploy|ARM.Build.0 = Release|Any CPU
		{C330E7A9-E5F5-4104-85C3-043B2A620869}.Fileencryption deploy|x64.ActiveCfg = Release|Any CPU
		{C330E7A9-E5F5-4104-85C3-043B2A620869}.Fileencryption deploy|x64.Build.0 = Release|Any CPU
		{C330E7A9-E5F5-4104-85C3-043B2A620869}.Fileencryption deploy|x86.ActiveCfg = Release|Any CPU
		{C330E7A9-E5F5-4104-85C3-043B2A620869}.Fileencryption deploy|x86.Build.0 = Release|Any CPU
		{C330E7A9-E5F5-4104-85C3-043B2A620869}.Release|Any CPU.ActiveCfg = Release|Any CPU
		{C330E7A9-E5F5-4104-85C3-043B2A620869}.Release|Any CPU.Build.0 = Release|Any CPU
		{C330E7A9-E5F5-4104-85C3-043B2A620869}.Release|ARM.ActiveCfg = Release|Any CPU
		{C330E7A9-E5F5-4104-85C3-043B2A620869}.Release|ARM.Build.0 = Release|Any CPU
		{C330E7A9-E5F5-4104-85C3-043B2A620869}.Release|x64.ActiveCfg = Release|Any CPU
		{C330E7A9-E5F5-4104-85C3-043B2A620869}.Release|x64.Build.0 = Release|Any CPU
		{C330E7A9-E5F5-4104-85C3-043B2A620869}.Release|x86.ActiveCfg = Release|Any CPU
		{C330E7A9-E5F5-4104-85C3-043B2A620869}.Release|x86.Build.0 = Release|Any CPU
		{C330E7A9-E5F5-4104-85C3-043B2A620869}.Releqse qll|Any CPU.ActiveCfg = Release|Any CPU
		{C330E7A9-E5F5-4104-85C3-043B2A620869}.Releqse qll|Any CPU.Build.0 = Release|Any CPU
		{C330E7A9-E5F5-4104-85C3-043B2A620869}.Releqse qll|ARM.ActiveCfg = Release|Any CPU
		{C330E7A9-E5F5-4104-85C3-043B2A620869}.Releqse qll|ARM.Build.0 = Release|Any CPU
		{C330E7A9-E5F5-4104-85C3-043B2A620869}.Releqse qll|x64.ActiveCfg = Release|Any CPU
		{C330E7A9-E5F5-4104-85C3-043B2A620869}.Releqse qll|x64.Build.0 = Release|Any CPU
		{C330E7A9-E5F5-4104-85C3-043B2A620869}.Releqse qll|x86.ActiveCfg = Release|Any CPU
		{C330E7A9-E5F5-4104-85C3-043B2A620869}.Releqse qll|x86.Build.0 = Release|Any CPU
		{C330E7A9-E5F5-4104-85C3-043B2A620869}.Start|Any CPU.ActiveCfg = Release|Any CPU
		{C330E7A9-E5F5-4104-85C3-043B2A620869}.Start|Any CPU.Build.0 = Release|Any CPU
		{C330E7A9-E5F5-4104-85C3-043B2A620869}.Start|ARM.ActiveCfg = Release|Any CPU
		{C330E7A9-E5F5-4104-85C3-043B2A620869}.Start|ARM.Build.0 = Release|Any CPU
		{C330E7A9-E5F5-4104-85C3-043B2A620869}.Start|x64.ActiveCfg = Release|Any CPU
		{C330E7A9-E5F5-4104-85C3-043B2A620869}.Start|x64.Build.0 = Release|Any CPU
		{C330E7A9-E5F5-4104-85C3-043B2A620869}.Start|x86.ActiveCfg = Release|Any CPU
		{C330E7A9-E5F5-4104-85C3-043B2A620869}.Start|x86.Build.0 = Release|Any CPU
		{9F9EF8DE-3CF3-4921-A390-9FA4C62FB0C9}.Debug|Any CPU.ActiveCfg = Debug|Any CPU
		{9F9EF8DE-3CF3-4921-A390-9FA4C62FB0C9}.Debug|Any CPU.Build.0 = Debug|Any CPU
		{9F9EF8DE-3CF3-4921-A390-9FA4C62FB0C9}.Debug|ARM.ActiveCfg = Debug|Any CPU
		{9F9EF8DE-3CF3-4921-A390-9FA4C62FB0C9}.Debug|ARM.Build.0 = Debug|Any CPU
		{9F9EF8DE-3CF3-4921-A390-9FA4C62FB0C9}.Debug|x64.ActiveCfg = Debug|Any CPU
		{9F9EF8DE-3CF3-4921-A390-9FA4C62FB0C9}.Debug|x64.Build.0 = Debug|Any CPU
		{9F9EF8DE-3CF3-4921-A390-9FA4C62FB0C9}.Debug|x86.ActiveCfg = Debug|Any CPU
		{9F9EF8DE-3CF3-4921-A390-9FA4C62FB0C9}.Debug|x86.Build.0 = Debug|Any CPU
		{9F9EF8DE-3CF3-4921-A390-9FA4C62FB0C9}.Fileencryption deploy|Any CPU.ActiveCfg = Releqse qll|Any CPU
		{9F9EF8DE-3CF3-4921-A390-9FA4C62FB0C9}.Fileencryption deploy|Any CPU.Build.0 = Releqse qll|Any CPU
		{9F9EF8DE-3CF3-4921-A390-9FA4C62FB0C9}.Fileencryption deploy|ARM.ActiveCfg = Releqse qll|Any CPU
		{9F9EF8DE-3CF3-4921-A390-9FA4C62FB0C9}.Fileencryption deploy|ARM.Build.0 = Releqse qll|Any CPU
		{9F9EF8DE-3CF3-4921-A390-9FA4C62FB0C9}.Fileencryption deploy|x64.ActiveCfg = Releqse qll|Any CPU
		{9F9EF8DE-3CF3-4921-A390-9FA4C62FB0C9}.Fileencryption deploy|x64.Build.0 = Releqse qll|Any CPU
		{9F9EF8DE-3CF3-4921-A390-9FA4C62FB0C9}.Fileencryption deploy|x86.ActiveCfg = Releqse qll|Any CPU
		{9F9EF8DE-3CF3-4921-A390-9FA4C62FB0C9}.Fileencryption deploy|x86.Build.0 = Releqse qll|Any CPU
		{9F9EF8DE-3CF3-4921-A390-9FA4C62FB0C9}.Release|Any CPU.ActiveCfg = Release|Any CPU
		{9F9EF8DE-3CF3-4921-A390-9FA4C62FB0C9}.Release|Any CPU.Build.0 = Release|Any CPU
		{9F9EF8DE-3CF3-4921-A390-9FA4C62FB0C9}.Release|ARM.ActiveCfg = Release|Any CPU
		{9F9EF8DE-3CF3-4921-A390-9FA4C62FB0C9}.Release|ARM.Build.0 = Release|Any CPU
		{9F9EF8DE-3CF3-4921-A390-9FA4C62FB0C9}.Release|x64.ActiveCfg = Release|Any CPU
		{9F9EF8DE-3CF3-4921-A390-9FA4C62FB0C9}.Release|x64.Build.0 = Release|Any CPU
		{9F9EF8DE-3CF3-4921-A390-9FA4C62FB0C9}.Release|x86.ActiveCfg = Release|Any CPU
		{9F9EF8DE-3CF3-4921-A390-9FA4C62FB0C9}.Release|x86.Build.0 = Release|Any CPU
		{9F9EF8DE-3CF3-4921-A390-9FA4C62FB0C9}.Releqse qll|Any CPU.ActiveCfg = Releqse qll|Any CPU
		{9F9EF8DE-3CF3-4921-A390-9FA4C62FB0C9}.Releqse qll|Any CPU.Build.0 = Releqse qll|Any CPU
		{9F9EF8DE-3CF3-4921-A390-9FA4C62FB0C9}.Releqse qll|ARM.ActiveCfg = Releqse qll|Any CPU
		{9F9EF8DE-3CF3-4921-A390-9FA4C62FB0C9}.Releqse qll|ARM.Build.0 = Releqse qll|Any CPU
		{9F9EF8DE-3CF3-4921-A390-9FA4C62FB0C9}.Releqse qll|x64.ActiveCfg = Releqse qll|Any CPU
		{9F9EF8DE-3CF3-4921-A390-9FA4C62FB0C9}.Releqse qll|x64.Build.0 = Releqse qll|Any CPU
		{9F9EF8DE-3CF3-4921-A390-9FA4C62FB0C9}.Releqse qll|x86.ActiveCfg = Releqse qll|Any CPU
		{9F9EF8DE-3CF3-4921-A390-9FA4C62FB0C9}.Releqse qll|x86.Build.0 = Releqse qll|Any CPU
		{9F9EF8DE-3CF3-4921-A390-9FA4C62FB0C9}.Start|Any CPU.ActiveCfg = Releqse qll|Any CPU
		{9F9EF8DE-3CF3-4921-A390-9FA4C62FB0C9}.Start|Any CPU.Build.0 = Releqse qll|Any CPU
		{9F9EF8DE-3CF3-4921-A390-9FA4C62FB0C9}.Start|ARM.ActiveCfg = Releqse qll|Any CPU
		{9F9EF8DE-3CF3-4921-A390-9FA4C62FB0C9}.Start|ARM.Build.0 = Releqse qll|Any CPU
		{9F9EF8DE-3CF3-4921-A390-9FA4C62FB0C9}.Start|x64.ActiveCfg = Releqse qll|Any CPU
		{9F9EF8DE-3CF3-4921-A390-9FA4C62FB0C9}.Start|x64.Build.0 = Releqse qll|Any CPU
		{9F9EF8DE-3CF3-4921-A390-9FA4C62FB0C9}.Start|x86.ActiveCfg = Releqse qll|Any CPU
		{9F9EF8DE-3CF3-4921-A390-9FA4C62FB0C9}.Start|x86.Build.0 = Releqse qll|Any CPU
	EndGlobalSection
	GlobalSection(SolutionProperties) = preSolution
		HideSolutionNode = FALSE
	EndGlobalSection
	GlobalSection(NestedProjects) = preSolution
		{2915413C-FB76-41AD-B711-2253C4B12E20} = {F3DB7167-9C6B-4914-849D-AF3FA4930FFD}
		{13F1BF9E-9886-47C4-B973-668C2D69A6A8} = {59EBAAE4-F87B-4E68-BD1C-66A9E84E3E00}
		{7A7DD36D-9B33-4D27-8FB0-F635E7E97486} = {F3DB7167-9C6B-4914-849D-AF3FA4930FFD}
		{C330E7A9-E5F5-4104-85C3-043B2A620869} = {333BB610-6632-4116-9DBB-C7E1D7F628BE}
		{333BB610-6632-4116-9DBB-C7E1D7F628BE} = {59EBAAE4-F87B-4E68-BD1C-66A9E84E3E00}
		{F3DB7167-9C6B-4914-849D-AF3FA4930FFD} = {59EBAAE4-F87B-4E68-BD1C-66A9E84E3E00}
		{9F9EF8DE-3CF3-4921-A390-9FA4C62FB0C9} = {333BB610-6632-4116-9DBB-C7E1D7F628BE}
	EndGlobalSection
EndGlobal
